# build-lock.yaml
# Files listed here will be skipped during build (manually optimized).
# Use --force to override, or --unlock to remove entries.

locked:
  - Browser-War/01-browser-history.md
  - Browser-War/02-engine-war.md
  - Browser-War/04-cookies-storage.md
  - Browser-War/05-fingerprint-privacy.md
  - server-frontend-backend/01-frontend.md
  - server-frontend-backend/02-backend.md
  - server-frontend-backend/03-server-hardware.md
  - server-frontend-backend/04-server-software.md
  - server-frontend-backend/05-summary.md
  - server-frontend-backend/book.yaml
  - euv-lithography/assets/style.css
  - euv-lithography/assets/script.js
  - EUV-Lithography/01-overview.md
  - EUV-Lithography/02-light-source.md
  - EUV-Lithography/03-illumination-mask.md
