# build-lock.yaml
# Files listed here will be skipped during build (manually optimized).
# Use --force to override, or --unlock to remove entries.

locked:
  - Browser-War/01-browser-history.md
  - Browser-War/02-engine-war.md
  - Browser-War/04-cookies-storage.md
  - Browser-War/05-fingerprint-privacy.md
  - server-frontend-backend/01-frontend.md
  - server-frontend-backend/02-backend.md
  - server-frontend-backend/03-server-hardware.md
  - server-frontend-backend/04-server-software.md
  - server-frontend-backend/05-summary.md
  - server-frontend-backend/book.yaml
  - euv-lithography/assets/style.css
  - euv-lithography/assets/script.js
  - EUV-Lithography/01-overview.md
  - EUV-Lithography/02-light-source.md
  - EUV-Lithography/03-illumination-mask.md
  - EUV-Lithography/04-projection-wafer.md
  - EUV-Lithography/05-after-exposure.md
  - EUV-Lithography/06-limits-future.md
  - PDF-Explained/01-history.md
  - PDF-Explained/02-internal-structure.md
  - PDF-Explained/03-rendering-model.md
  - thermodynamics/assets/script.js
  - math-analysis/assets/script.js
  - Math-Analysis/12-fourier-analysis.md
  - ai-math-foundations/assets/quiz.css
  - ai-math-foundations/assets/quiz.js
  - ai-deep-learning-core/assets/quiz.css
  - ai-deep-learning-core/assets/quiz.js
  - ai-computer-vision/assets/quiz.css
  - ai-computer-vision/assets/quiz.js
  - ai-nlp-foundations/assets/quiz.css
  - ai-nlp-foundations/assets/quiz.js
  - ai-transformers/assets/quiz.css
  - ai-transformers/assets/quiz.js
  - ai-math-foundations/assets/mermaid-init.js
  - ai-deep-learning-core/assets/mermaid-init.js
  - ai-computer-vision/assets/mermaid-init.js
  - ai-nlp-foundations/assets/mermaid-init.js
  - ai-transformers/assets/mermaid-init.js
  - ai-math-foundations/assets/style.css
  - ai-math-foundations/assets/script.js
  - ai-deep-learning-core/assets/style.css
  - ai-deep-learning-core/assets/script.js
  - ai-computer-vision/assets/style.css
  - ai-computer-vision/assets/script.js
  - ai-nlp-foundations/assets/style.css
  - ai-nlp-foundations/assets/script.js
  - ai-transformers/assets/style.css
  - ai-transformers/assets/script.js
